// !$*UTF8*$!
{
	archiveVersion = 1;
	classes = {
	};
	objectVersion = 46;
	objects = {

/* Begin PBXBuildFile section */
		7083AC451C8E94010046AF0D /* HotKeyCapture.h in Headers */ = {isa = PBXBuildFile; fileRef = 7083AC441C8E94010046AF0D /* HotKeyCapture.h */; settings = {ATTRIBUTES = (Public, ); }; };
		7083AC4F1C8E94560046AF0D /* HotKeyCapture.swift in Sources */ = {isa = PBXBuildFile; fileRef = 7083AC4C1C8E94560046AF0D /* HotKeyCapture.swift */; };
		7083AC501C8E94560046AF0D /* HotKeyCaptureCenter.swift in Sources */ = {isa = PBXBuildFile; fileRef = 7083AC4D1C8E94560046AF0D /* HotKeyCaptureCenter.swift */; };
		7083AC511C8E94560046AF0D /* HotKeyCombo.swift in Sources */ = {isa = PBXBuildFile; fileRef = 7083AC4E1C8E94560046AF0D /* HotKeyCombo.swift */; };
		7083AC531C8E945C0046AF0D /* HotKeyVariable.swift in Sources */ = {isa = PBXBuildFile; fileRef = 7083AC521C8E945C0046AF0D /* HotKeyVariable.swift */; };
/* End PBXBuildFile section */

/* Begin PBXFileReference section */
		7083AC411C8E94010046AF0D /* HotKeyCapture.framework */ = {isa = PBXFileReference; explicitFileType = wrapper.framework; includeInIndex = 0; path = HotKeyCapture.framework; sourceTree = BUILT_PRODUCTS_DIR; };
		7083AC441C8E94010046AF0D /* HotKeyCapture.h */ = {isa = PBXFileReference; lastKnownFileType = sourcecode.c.h; path = HotKeyCapture.h; sourceTree = "<group>"; };
		7083AC461C8E94010046AF0D /* Info.plist */ = {isa = PBXFileReference; lastKnownFileType = text.plist.xml; path = Info.plist; sourceTree = "<group>"; };
		7083AC4C1C8E94560046AF0D /* HotKeyCapture.swift */ = {isa = PBXFileReference; fileEncoding = 4; lastKnownFileType = sourcecode.swift; path = HotKeyCapture.swift; sourceTree = "<group>"; };
		7083AC4D1C8E94560046AF0D /* HotKeyCaptureCenter.swift */ = {isa = PBXFileReference; fileEncoding = 4; lastKnownFileType = sourcecode.swift; path = HotKeyCaptureCenter.swift; sourceTree = "<group>"; };
		7083AC4E1C8E94560046AF0D /* HotKeyCombo.swift */ = {isa = PBXFileReference; fileEncoding = 4; lastKnownFileType = sourcecode.swift; path = HotKeyCombo.swift; sourceTree = "<group>"; };
		7083AC521C8E945C0046AF0D /* HotKeyVariable.swift */ = {isa = PBXFileReference; fileEncoding = 4; lastKnownFileType = sourcecode.swift; path = HotKeyVariable.swift; sourceTree = "<group>"; };
/* End PBXFileReference section */

/* Begin PBXFrameworksBuildPhase section */
		7083AC3D1C8E94010046AF0D /* Frameworks */ = {
			isa = PBXFrameworksBuildPhase;
			buildActionMask = 2147483647;
			files = (
			);
			runOnlyForDeploymentPostprocessing = 0;
		};
/* End PBXFrameworksBuildPhase section */

/* Begin PBXGroup section */
		7083AC371C8E94010046AF0D = {
			isa = PBXGroup;
			children = (
				7083AC431C8E94010046AF0D /* HotKeyCapture */,
				7083AC421C8E94010046AF0D /* Products */,
			);
			sourceTree = "<group>";
		};
		7083AC421C8E94010046AF0D /* Products */ = {
			isa = PBXGroup;
			children = (
				7083AC411C8E94010046AF0D /* HotKeyCapture.framework */,
			);
			name = Products;
			sourceTree = "<group>";
		};
		7083AC431C8E94010046AF0D /* HotKeyCapture */ = {
			isa = PBXGroup;
			children = (
				7083AC441C8E94010046AF0D /* HotKeyCapture.h */,
				7083AC4C1C8E94560046AF0D /* HotKeyCapture.swift */,
				7083AC4D1C8E94560046AF0D /* HotKeyCaptureCenter.swift */,
				7083AC4E1C8E94560046AF0D /* HotKeyCombo.swift */,
				7083AC521C8E945C0046AF0D /* HotKeyVariable.swift */,
				7083AC461C8E94010046AF0D /* Info.plist */,
			);
			path = HotKeyCapture;
			sourceTree = "<group>";
		};
/* End PBXGroup section */

/* Begin PBXHeadersBuildPhase section */
		7083AC3E1C8E94010046AF0D /* Headers */ = {
			isa = PBXHeadersBuildPhase;
			buildActionMask = 2147483647;
			files = (
				7083AC451C8E94010046AF0D /* HotKeyCapture.h in Headers */,
			);
			runOnlyForDeploymentPostprocessing = 0;
		};
/* End PBXHeadersBuildPhase section */

/* Begin PBXNativeTarget section */
		7083AC401C8E94010046AF0D /* HotKeyCapture */ = {
			isa = PBXNativeTarget;
			buildConfigurationList = 7083AC491C8E94010046AF0D /* Build configuration list for PBXNativeTarget "HotKeyCapture" */;
			buildPhases = (
				7083AC3C1C8E94010046AF0D /* Sources */,
				7083AC3D1C8E94010046AF0D /* Frameworks */,
				7083AC3E1C8E94010046AF0D /* Headers */,
				7083AC3F1C8E94010046AF0D /* Resources */,
			);
			buildRules = (
			);
			dependencies = (
			);
			name = HotKeyCapture;
			productName = HotKeyCapture;
			productReference = 7083AC411C8E94010046AF0D /* HotKeyCapture.framework */;
			productType = "com.apple.product-type.framework";
		};
/* End PBXNativeTarget section */

/* Begin PBXProject section */
		7083AC381C8E94010046AF0D /* Project object */ = {
			isa = PBXProject;
			attributes = {
				LastSwiftUpdateCheck = 0710;
				LastUpgradeCheck = 0710;
				ORGANIZATIONNAME = CodeHex;
				TargetAttributes = {
					7083AC401C8E94010046AF0D = {
						CreatedOnToolsVersion = 7.1.1;
					};
				};
			};
			buildConfigurationList = 7083AC3B1C8E94010046AF0D /* Build configuration list for PBXProject "HotKeyCapture" */;
			compatibilityVersion = "Xcode 3.2";
			developmentRegion = English;
			hasScannedForEncodings = 0;
			knownRegions = (
				en,
				Base,
			);
			mainGroup = 7083AC371C8E94010046AF0D;
			productRefGroup = 7083AC421C8E94010046AF0D /* Products */;
			projectDirPath = "";
			projectRoot = "";
			targets = (
				7083AC401C8E94010046AF0D /* HotKeyCapture */,
			);
		};
/* End PBXProject section */

/* Begin PBXResourcesBuildPhase section */
		7083AC3F1C8E94010046AF0D /* Resources */ = {
			isa = PBXResourcesBuildPhase;
			buildActionMask = 2147483647;
			files = (
			);
			runOnlyForDeploymentPostprocessing = 0;
		};
/* End PBXResourcesBuildPhase section */

/* Begin PBXSourcesBuildPhase section */
		7083AC3C1C8E94010046AF0D /* Sources */ = {
			isa = PBXSourcesBuildPhase;
			buildActionMask = 2147483647;
			files = (
				7083AC511C8E94560046AF0D /* HotKeyCombo.swift in Sources */,
				7083AC531C8E945C0046AF0D /* HotKeyVariable.swift in Sources */,
				7083AC4F1C8E94560046AF0D /* HotKeyCapture.swift in Sources */,
				7083AC501C8E94560046AF0D /* HotKeyCaptureCenter.swift in Sources */,
			);
			runOnlyForDeploymentPostprocessing = 0;
		};
/* End PBXSourcesBuildPhase section */

/* Begin XCBuildConfiguration section */
		7083AC471C8E94010046AF0D /* Debug */ = {
			isa = XCBuildConfiguration;
			buildSettings = {
				ALWAYS_SEARCH_USER_PATHS = NO;
				CLANG_CXX_LANGUAGE_STANDARD = "gnu++0x";
				CLANG_CXX_LIBRARY = "libc++";
				CLANG_ENABLE_MODULES = YES;
				CLANG_ENABLE_OBJC_ARC = YES;
				CLANG_WARN_BOOL_CONVERSION = YES;
				CLANG_WARN_CONSTANT_CONVERSION = YES;
				CLANG_WARN_DIRECT_OBJC_ISA_USAGE = YES_ERROR;
				CLANG_WARN_EMPTY_BODY = YES;
				CLANG_WARN_ENUM_CONVERSION = YES;
				CLANG_WARN_INT_CONVERSION = YES;
				CLANG_WARN_OBJC_ROOT_CLASS = YES_ERROR;
				CLANG_WARN_UNREACHABLE_CODE = YES;
				CLANG_WARN__DUPLICATE_METHOD_MATCH = YES;
				CODE_SIGN_IDENTITY = "-";
				COPY_PHASE_STRIP = NO;
				CURRENT_PROJECT_VERSION = 1;
				DEBUG_INFORMATION_FORMAT = dwarf;
				ENABLE_STRICT_OBJC_MSGSEND = YES;
				ENABLE_TESTABILITY = YES;
				GCC_C_LANGUAGE_STANDARD = gnu99;
				GCC_DYNAMIC_NO_PIC = NO;
				GCC_NO_COMMON_BLOCKS = YES;
				GCC_OPTIMIZATION_LEVEL = 0;
				GCC_PREPROCESSOR_DEFINITIONS = (
					"DEBUG=1",
					"$(inherited)",
				);
				GCC_WARN_64_TO_32_BIT_CONVERSION = YES;
				GCC_WARN_ABOUT_RETURN_TYPE = YES_ERROR;
				GCC_WARN_UNDECLARED_SELECTOR = YES;
				GCC_WARN_UNINITIALIZED_AUTOS = YES_AGGRESSIVE;
				GCC_WARN_UNUSED_FUNCTION = YES;
				GCC_WARN_UNUSED_VARIABLE = YES;
				MACOSX_DEPLOYMENT_TARGET = 10.10;
				MTL_ENABLE_DEBUG_INFO = YES;
				ONLY_ACTIVE_ARCH = YES;
				SDKROOT = macosx;
				SWIFT_OPTIMIZATION_LEVEL = "-Onone";
				VERSIONING_SYSTEM = "apple-generic";
				VERSION_INFO_PREFIX = "";
			};
			name = Debug;
		};
		7083AC481C8E94010046AF0D /* Release */ = {
			isa = XCBuildConfiguration;
			buildSettings = {
				ALWAYS_SEARCH_USER_PATHS = NO;
				CLANG_CXX_LANGUAGE_STANDARD = "gnu++0x";
				CLANG_CXX_LIBRARY = "libc++";
				CLANG_ENABLE_MODULES = YES;
				CLANG_ENABLE_OBJC_ARC = YES;
				CLANG_WARN_BOOL_CONVERSION = YES;
				CLANG_WARN_CONSTANT_CONVERSION = YES;
				CLANG_WARN_DIRECT_OBJC_ISA_USAGE = YES_ERROR;
				CLANG_WARN_EMPTY_BODY = YES;
				CLANG_WARN_ENUM_CONVERSION = YES;
				CLANG_WARN_INT_CONVERSION = YES;
				CLANG_WARN_OBJC_ROOT_CLASS = YES_ERROR;
				CLANG_WARN_UNREACHABLE_CODE = YES;
				CLANG_WARN__DUPLICATE_METHOD_MATCH = YES;
				CODE_SIGN_IDENTITY = "-";
				COPY_PHASE_STRIP = NO;
				CURRENT_PROJECT_VERSION = 1;
				DEBUG_INFORMATION_FORMAT = "dwarf-with-dsym";
				ENABLE_NS_ASSERTIONS = NO;
				ENABLE_STRICT_OBJC_MSGSEND = YES;
				GCC_C_LANGUAGE_STANDARD = gnu99;
				GCC_NO_COMMON_BLOCKS = YES;
				GCC_WARN_64_TO_32_BIT_CONVERSION = YES;
				GCC_WARN_ABOUT_RETURN_TYPE = YES_ERROR;
				GCC_WARN_UNDECLARED_SELECTOR = YES;
				GCC_WARN_UNINITIALIZED_AUTOS = YES_AGGRESSIVE;
				GCC_WARN_UNUSED_FUNCTION = YES;
				GCC_WARN_UNUSED_VARIABLE = YES;
				MACOSX_DEPLOYMENT_TARGET = 10.10;
				MTL_ENABLE_DEBUG_INFO = NO;
				SDKROOT = macosx;
				VERSIONING_SYSTEM = "apple-generic";
				VERSION_INFO_PREFIX = "";
			};
			name = Release;
		};
		7083AC4A1C8E94010046AF0D /* Debug */ = {
			isa = XCBuildConfiguration;
			buildSettings = {
				CLANG_ENABLE_MODULES = YES;
				COMBINE_HIDPI_IMAGES = YES;
				DEFINES_MODULE = YES;
				DYLIB_COMPATIBILITY_VERSION = 1;
				DYLIB_CURRENT_VERSION = 1;
				DYLIB_INSTALL_NAME_BASE = "@rpath";
				FRAMEWORK_VERSION = A;
				INFOPLIST_FILE = HotKeyCapture/Info.plist;
				INSTALL_PATH = "$(LOCAL_LIBRARY_DIR)/Frameworks";
				LD_RUNPATH_SEARCH_PATHS = "$(inherited) @executable_path/../Frameworks @loader_path/Frameworks";
				PRODUCT_BUNDLE_IDENTIFIER = CodeHex.HotKeyCapture;
				PRODUCT_NAME = "$(TARGET_NAME)";
				SKIP_INSTALL = YES;
				SWIFT_OPTIMIZATION_LEVEL = "-Onone";
			};
			name = Debug;
		};
		7083AC4B1C8E94010046AF0D /* Release */ = {
			isa = XCBuildConfiguration;
			buildSettings = {
				CLANG_ENABLE_MODULES = YES;
				COMBINE_HIDPI_IMAGES = YES;
				DEFINES_MODULE = YES;
				DYLIB_COMPATIBILITY_VERSION = 1;
				DYLIB_CURRENT_VERSION = 1;
				DYLIB_INSTALL_NAME_BASE = "@rpath";
				FRAMEWORK_VERSION = A;
				INFOPLIST_FILE = HotKeyCapture/Info.plist;
				INSTALL_PATH = "$(LOCAL_LIBRARY_DIR)/Frameworks";
				LD_RUNPATH_SEARCH_PATHS = "$(inherited) @executable_path/../Frameworks @loader_path/Frameworks";
				PRODUCT_BUNDLE_IDENTIFIER = CodeHex.HotKeyCapture;
				PRODUCT_NAME = "$(TARGET_NAME)";
				SKIP_INSTALL = YES;
			};
			name = Release;
		};
/* End XCBuildConfiguration section */

/* Begin XCConfigurationList section */
		7083AC3B1C8E94010046AF0D /* Build configuration list for PBXProject "HotKeyCapture" */ = {
			isa = XCConfigurationList;
			buildConfigurations = (
				7083AC471C8E94010046AF0D /* Debug */,
				7083AC481C8E94010046AF0D /* Release */,
			);
			defaultConfigurationIsVisible = 0;
			defaultConfigurationName = Release;
		};
		7083AC491C8E94010046AF0D /* Build configuration list for PBXNativeTarget "HotKeyCapture" */ = {
			isa = XCConfigurationList;
			buildConfigurations = (
				7083AC4A1C8E94010046AF0D /* Debug */,
				7083AC4B1C8E94010046AF0D /* Release */,
			);
			defaultConfigurationIsVisible = 0;
			defaultConfigurationName = Release;
		};
/* End XCConfigurationList section */
	};
	rootObject = 7083AC381C8E94010046AF0D /* Project object */;
}
